
Microsoft Visual Studio Solution File, Format Version 12.00
# Visual Studio 15
VisualStudioVersion = 15.0.28307.329
MinimumVisualStudioVersion = 10.0.40219.1
Project("{FAE04EC0-301F-11D3-BF4B-00C04F79EFBC}") = "ConsoleApp1", "ConsoleApp1\ConsoleApp1.csproj", "{7132EF5F-F241-4C66-984D-E5111162021D}"
EndProject
Project("{FAE04EC0-301F-11D3-BF4B-00C04F79EFBC}") = "WpfApp1", "WpfApp1\WpfApp1.csproj", "{C8CFA636-FCF2-40DF-88C1-40CF683A863A}"
EndProject
Project("{FAE04EC0-301F-11D3-BF4B-00C04F79EFBC}") = "DoubleVsDecimal", "DoubleVsDecimal\DoubleVsDecimal.csproj", "{5CC17297-5738-4960-97A0-7213C2E8B0BA}"
EndProject
Project("{FAE04EC0-301F-11D3-BF4B-00C04F79EFBC}") = "DoubleVsComplex", "DoubleVsComplex\DoubleVsComplex.csproj", "{34910E30-2C2D-46F4-89C5-D827016E7193}"
EndProject
Project("{FAE04EC0-301F-11D3-BF4B-00C04F79EFBC}") = "Int64VsBigInteger", "Int64VsBigInteger\Int64VsBigInteger.csproj", "{326D4742-7800-4950-921D-72F55A799566}"
EndProject
Global
	GlobalSection(SolutionConfigurationPlatforms) = preSolution
		Debug|Any CPU = Debug|Any CPU
		Release|Any CPU = Release|Any CPU
	EndGlobalSection
	GlobalSection(ProjectConfigurationPlatforms) = postSolution
		{7132EF5F-F241-4C66-984D-E5111162021D}.Debug|Any CPU.ActiveCfg = Debug|Any CPU
		{7132EF5F-F241-4C66-984D-E5111162021D}.Debug|Any CPU.Build.0 = Debug|Any CPU
		{7132EF5F-F241-4C66-984D-E5111162021D}.Release|Any CPU.ActiveCfg = Release|Any CPU
		{7132EF5F-F241-4C66-984D-E5111162021D}.Release|Any CPU.Build.0 = Release|Any CPU
		{C8CFA636-FCF2-40DF-88C1-40CF683A863A}.Debug|Any CPU.ActiveCfg = Debug|Any CPU
		{C8CFA636-FCF2-40DF-88C1-40CF683A863A}.Debug|Any CPU.Build.0 = Debug|Any CPU
		{C8CFA636-FCF2-40DF-88C1-40CF683A863A}.Release|Any CPU.ActiveCfg = Release|Any CPU
		{C8CFA636-FCF2-40DF-88C1-40CF683A863A}.Release|Any CPU.Build.0 = Release|Any CPU
		{5CC17297-5738-4960-97A0-7213C2E8B0BA}.Debug|Any CPU.ActiveCfg = Debug|Any CPU
		{5CC17297-5738-4960-97A0-7213C2E8B0BA}.Debug|Any CPU.Build.0 = Debug|Any CPU
		{5CC17297-5738-4960-97A0-7213C2E8B0BA}.Release|Any CPU.ActiveCfg = Release|Any CPU
		{5CC17297-5738-4960-97A0-7213C2E8B0BA}.Release|Any CPU.Build.0 = Release|Any CPU
		{34910E30-2C2D-46F4-89C5-D827016E7193}.Debug|Any CPU.ActiveCfg = Debug|Any CPU
		{34910E30-2C2D-46F4-89C5-D827016E7193}.Debug|Any CPU.Build.0 = Debug|Any CPU
		{34910E30-2C2D-46F4-89C5-D827016E7193}.Release|Any CPU.ActiveCfg = Release|Any CPU
		{34910E30-2C2D-46F4-89C5-D827016E7193}.Release|Any CPU.Build.0 = Release|Any CPU
		{326D4742-7800-4950-921D-72F55A799566}.Debug|Any CPU.ActiveCfg = Debug|Any CPU
		{326D4742-7800-4950-921D-72F55A799566}.Debug|Any CPU.Build.0 = Debug|Any CPU
		{326D4742-7800-4950-921D-72F55A799566}.Release|Any CPU.ActiveCfg = Release|Any CPU
		{326D4742-7800-4950-921D-72F55A799566}.Release|Any CPU.Build.0 = Release|Any CPU
	EndGlobalSection
	GlobalSection(SolutionProperties) = preSolution
		HideSolutionNode = FALSE
	EndGlobalSection
	GlobalSection(ExtensibilityGlobals) = postSolution
		SolutionGuid = {3E3EFFA9-6AE6-4762-8201-2DEB43AAF137}
	EndGlobalSection
EndGlobal
